# THIS IS AN AUTOGENERATED FILE. DO NOT EDIT THIS FILE DIRECTLY.
# yarn lockfile v1


react-swipeable@^7.0.0:
  version "7.0.0"
  resolved "https://registry.yarnpkg.com/react-swipeable/-/react-swipeable-7.0.0.tgz#7a12570ee435d35ac700511de338384aa78d12cd"
  integrity sha512-NI7KGfQ6gwNFN0Hor3vytYW3iRfMMaivGEuxcADOOfBCx/kqwXE8IfHFxEcxSUkxCYf38COLKYd9EMYZghqaUA==
